{
    "_readme": [
        "This file locks the dependencies of your project to a known state",
        "Read more about it at http://getcomposer.org/doc/01-basic-usage.md#composer-lock-the-lock-file",
        "This file is @generated automatically"
    ],
    "hash": "5c3e2c625e4f360dec6dec834872c2ef",
    "packages": [
        {
            "name": "dri-nordic/sugarcrm-database",
            "version": "0.1.0",
            "source": {
                "type": "git",
                "url": "git@gitlab.scm.dri.pt:dri-nordic/sugarcrm-database.git",
                "reference": "a6211a3c88c632b8ebaa97630b0233aa2a3e9839"
            },
            "type": "library",
            "autoload": {
                "psr-4": {
                    "DRI\\SugarCRM\\Component\\Database\\": "src/"
                }
            },
            "authors": [
                {
                    "name": "Emil Kilhage",
                    "email": "emil.kilhage@dri-nordic.com"
                }
            ],
            "time": "2014-10-27 11:55:31"
        }
    ],
    "packages-dev": [],
    "aliases": [],
    "minimum-stability": "stable",
    "stability-flags": [],
    "prefer-stable": false,
    "platform": [],
    "platform-dev": []
}
