{
    "_readme": [
        "This file locks the dependencies of your project to a known state",
        "Read more about it at https://getcomposer.org/doc/01-basic-usage.md#composer-lock-the-lock-file",
        "This file is @generated automatically"
    ],
    "content-hash": "7eb8d8860b2d526ae142a93c912d08b5",
    "packages": [
        {
            "name": "addoptify/sugarcrm-database",
            "version": "0.2.1",
            "source": {
                "type": "git",
                "url": "https://github.com/addoptify/sugarcrm-database.git",
                "reference": "5f185bd71a6e6c93cc4c801be9123ce910a103fc"
            },
            "dist": {
                "type": "zip",
                "url": "https://api.github.com/repos/addoptify/sugarcrm-database/zipball/5f185bd71a6e6c93cc4c801be9123ce910a103fc",
                "reference": "5f185bd71a6e6c93cc4c801be9123ce910a103fc",
                "shasum": ""
            },
            "type": "library",
            "autoload": {
                "psr-4": {
                    "DRI\\SugarCRM\\Component\\Database\\": "src/"
                }
            },
            "notification-url": "https://packagist.org/downloads/",
            "authors": [
                {
                    "name": "Emil Kilhage",
                    "email": "emil.kilhage@dri-nordic.com"
                }
            ],
            "time": "2015-04-29T09:44:35+00:00"
        }
    ],
    "packages-dev": [],
    "aliases": [],
    "minimum-stability": "stable",
    "stability-flags": [],
    "prefer-stable": false,
    "prefer-lowest": false,
    "platform": [],
    "platform-dev": []
}
